
Microsoft Visual Studio Solution File, Format Version 12.00
# Visual Studio 15
VisualStudioVersion = 15.0.28307.438
MinimumVisualStudioVersion = 10.0.40219.1
Project("{FAE04EC0-301F-11D3-BF4B-00C04F79EFBC}") = "Shopping Cart API", "Shopping Cart API\Shopping Cart API.csproj", "{8178E18E-8386-460D-9545-76F3476BA497}"
EndProject
Project("{FAE04EC0-301F-11D3-BF4B-00C04F79EFBC}") = "Shopping Cart API  Test", "Shopping Cart API  Test\Shopping Cart API  Test.csproj", "{62D45471-1732-4978-9F45-6D1ADE340C8B}"
EndProject
Global
	GlobalSection(SolutionConfigurationPlatforms) = preSolution
		Debug|Any CPU = Debug|Any CPU
		Release|Any CPU = Release|Any CPU
	EndGlobalSection
	GlobalSection(ProjectConfigurationPlatforms) = postSolution
		{8178E18E-8386-460D-9545-76F3476BA497}.Debug|Any CPU.ActiveCfg = Debug|Any CPU
		{8178E18E-8386-460D-9545-76F3476BA497}.Debug|Any CPU.Build.0 = Debug|Any CPU
		{8178E18E-8386-460D-9545-76F3476BA497}.Release|Any CPU.ActiveCfg = Release|Any CPU
		{8178E18E-8386-460D-9545-76F3476BA497}.Release|Any CPU.Build.0 = Release|Any CPU
		{62D45471-1732-4978-9F45-6D1ADE340C8B}.Debug|Any CPU.ActiveCfg = Debug|Any CPU
		{62D45471-1732-4978-9F45-6D1ADE340C8B}.Debug|Any CPU.Build.0 = Debug|Any CPU
		{62D45471-1732-4978-9F45-6D1ADE340C8B}.Release|Any CPU.ActiveCfg = Release|Any CPU
		{62D45471-1732-4978-9F45-6D1ADE340C8B}.Release|Any CPU.Build.0 = Release|Any CPU
	EndGlobalSection
	GlobalSection(SolutionProperties) = preSolution
		HideSolutionNode = FALSE
	EndGlobalSection
	GlobalSection(ExtensibilityGlobals) = postSolution
		SolutionGuid = {2A60C10C-A8D1-43C2-8E9A-4B22CE11F320}
	EndGlobalSection
EndGlobal
